// !$*UTF8*$!
{
	archiveVersion = 1;
	classes = {
	};
	objectVersion = 50;
	objects = {

/* Begin PBXBuildFile section */
		3D06A28620C4F65A0060FAC2 /* AppDelegate.swift in Sources */ = {isa = PBXBuildFile; fileRef = 3D06A28520C4F65A0060FAC2 /* AppDelegate.swift */; };
		3D06A28820C4F65A0060FAC2 /* ViewController.swift in Sources */ = {isa = PBXBuildFile; fileRef = 3D06A28720C4F65A0060FAC2 /* ViewController.swift */; };
		3D06A28B20C4F65A0060FAC2 /* Main.storyboard in Resources */ = {isa = PBXBuildFile; fileRef = 3D06A28920C4F65A0060FAC2 /* Main.storyboard */; };
		3D06A28D20C4F65A0060FAC2 /* Assets.xcassets in Resources */ = {isa = PBXBuildFile; fileRef = 3D06A28C20C4F65A0060FAC2 /* Assets.xcassets */; };
		3D06A29020C4F65A0060FAC2 /* LaunchScreen.storyboard in Resources */ = {isa = PBXBuildFile; fileRef = 3D06A28E20C4F65A0060FAC2 /* LaunchScreen.storyboard */; };
		3D06A29B20C4F65A0060FAC2 /* DivisionTests.swift in Sources */ = {isa = PBXBuildFile; fileRef = 3D06A29A20C4F65A0060FAC2 /* DivisionTests.swift */; };
		3D06A2A620C4F65A0060FAC2 /* DivisionUITests.swift in Sources */ = {isa = PBXBuildFile; fileRef = 3D06A2A520C4F65A0060FAC2 /* DivisionUITests.swift */; };
/* End PBXBuildFile section */

/* Begin PBXContainerItemProxy section */
		3D06A29720C4F65A0060FAC2 /* PBXContainerItemProxy */ = {
			isa = PBXContainerItemProxy;
			containerPortal = 3D06A27A20C4F65A0060FAC2 /* Project object */;
			proxyType = 1;
			remoteGlobalIDString = 3D06A28120C4F65A0060FAC2;
			remoteInfo = Division;
		};
		3D06A2A220C4F65A0060FAC2 /* PBXContainerItemProxy */ = {
			isa = PBXContainerItemProxy;
			containerPortal = 3D06A27A20C4F65A0060FAC2 /* Project object */;
			proxyType = 1;
			remoteGlobalIDString = 3D06A28120C4F65A0060FAC2;
			remoteInfo = Division;
		};
/* End PBXContainerItemProxy section */

/* Begin PBXFileReference section */
		3D06A28220C4F65A0060FAC2 /* Division.app */ = {isa = PBXFileReference; explicitFileType = wrapper.application; includeInIndex = 0; path = Division.app; sourceTree = BUILT_PRODUCTS_DIR; };
		3D06A28520C4F65A0060FAC2 /* AppDelegate.swift */ = {isa = PBXFileReference; lastKnownFileType = sourcecode.swift; path = AppDelegate.swift; sourceTree = "<group>"; };
		3D06A28720C4F65A0060FAC2 /* ViewController.swift */ = {isa = PBXFileReference; lastKnownFileType = sourcecode.swift; path = ViewController.swift; sourceTree = "<group>"; };
		3D06A28A20C4F65A0060FAC2 /* Base */ = {isa = PBXFileReference; lastKnownFileType = file.storyboard; name = Base; path = Base.lproj/Main.storyboard; sourceTree = "<group>"; };
		3D06A28C20C4F65A0060FAC2 /* Assets.xcassets */ = {isa = PBXFileReference; lastKnownFileType = folder.assetcatalog; path = Assets.xcassets; sourceTree = "<group>"; };
		3D06A28F20C4F65A0060FAC2 /* Base */ = {isa = PBXFileReference; lastKnownFileType = file.storyboard; name = Base; path = Base.lproj/LaunchScreen.storyboard; sourceTree = "<group>"; };
		3D06A29120C4F65A0060FAC2 /* Info.plist */ = {isa = PBXFileReference; lastKnownFileType = text.plist.xml; path = Info.plist; sourceTree = "<group>"; };
		3D06A29620C4F65A0060FAC2 /* DivisionTests.xctest */ = {isa = PBXFileReference; explicitFileType = wrapper.cfbundle; includeInIndex = 0; path = DivisionTests.xctest; sourceTree = BUILT_PRODUCTS_DIR; };
		3D06A29A20C4F65A0060FAC2 /* DivisionTests.swift */ = {isa = PBXFileReference; lastKnownFileType = sourcecode.swift; path = DivisionTests.swift; sourceTree = "<group>"; };
		3D06A29C20C4F65A0060FAC2 /* Info.plist */ = {isa = PBXFileReference; lastKnownFileType = text.plist.xml; path = Info.plist; sourceTree = "<group>"; };
		3D06A2A120C4F65A0060FAC2 /* DivisionUITests.xctest */ = {isa = PBXFileReference; explicitFileType = wrapper.cfbundle; includeInIndex = 0; path = DivisionUITests.xctest; sourceTree = BUILT_PRODUCTS_DIR; };
		3D06A2A520C4F65A0060FAC2 /* DivisionUITests.swift */ = {isa = PBXFileReference; lastKnownFileType = sourcecode.swift; path = DivisionUITests.swift; sourceTree = "<group>"; };
		3D06A2A720C4F65A0060FAC2 /* Info.plist */ = {isa = PBXFileReference; lastKnownFileType = text.plist.xml; path = Info.plist; sourceTree = "<group>"; };
/* End PBXFileReference section */

/* Begin PBXFrameworksBuildPhase section */
		3D06A27F20C4F65A0060FAC2 /* Frameworks */ = {
			isa = PBXFrameworksBuildPhase;
			buildActionMask = 2147483647;
			files = (
			);
			runOnlyForDeploymentPostprocessing = 0;
		};
		3D06A29320C4F65A0060FAC2 /* Frameworks */ = {
			isa = PBXFrameworksBuildPhase;
			buildActionMask = 2147483647;
			files = (
			);
			runOnlyForDeploymentPostprocessing = 0;
		};
		3D06A29E20C4F65A0060FAC2 /* Frameworks */ = {
			isa = PBXFrameworksBuildPhase;
			buildActionMask = 2147483647;
			files = (
			);
			runOnlyForDeploymentPostprocessing = 0;
		};
/* End PBXFrameworksBuildPhase section */

/* Begin PBXGroup section */
		3D06A27920C4F65A0060FAC2 = {
			isa = PBXGroup;
			children = (
				3D06A28420C4F65A0060FAC2 /* Division */,
				3D06A29920C4F65A0060FAC2 /* DivisionTests */,
				3D06A2A420C4F65A0060FAC2 /* DivisionUITests */,
				3D06A28320C4F65A0060FAC2 /* Products */,
			);
			sourceTree = "<group>";
		};
		3D06A28320C4F65A0060FAC2 /* Products */ = {
			isa = PBXGroup;
			children = (
				3D06A28220C4F65A0060FAC2 /* Division.app */,
				3D06A29620C4F65A0060FAC2 /* DivisionTests.xctest */,
				3D06A2A120C4F65A0060FAC2 /* DivisionUITests.xctest */,
			);
			name = Products;
			sourceTree = "<group>";
		};
		3D06A28420C4F65A0060FAC2 /* Division */ = {
			isa = PBXGroup;
			children = (
				3D06A28520C4F65A0060FAC2 /* AppDelegate.swift */,
				3D06A28720C4F65A0060FAC2 /* ViewController.swift */,
				3D06A28920C4F65A0060FAC2 /* Main.storyboard */,
				3D06A28C20C4F65A0060FAC2 /* Assets.xcassets */,
				3D06A28E20C4F65A0060FAC2 /* LaunchScreen.storyboard */,
				3D06A29120C4F65A0060FAC2 /* Info.plist */,
			);
			path = Division;
			sourceTree = "<group>";
		};
		3D06A29920C4F65A0060FAC2 /* DivisionTests */ = {
			isa = PBXGroup;
			children = (
				3D06A29A20C4F65A0060FAC2 /* DivisionTests.swift */,
				3D06A29C20C4F65A0060FAC2 /* Info.plist */,
			);
			path = DivisionTests;
			sourceTree = "<group>";
		};
		3D06A2A420C4F65A0060FAC2 /* DivisionUITests */ = {
			isa = PBXGroup;
			children = (
				3D06A2A520C4F65A0060FAC2 /* DivisionUITests.swift */,
				3D06A2A720C4F65A0060FAC2 /* Info.plist */,
			);
			path = DivisionUITests;
			sourceTree = "<group>";
		};
/* End PBXGroup section */

/* Begin PBXNativeTarget section */
		3D06A28120C4F65A0060FAC2 /* Division */ = {
			isa = PBXNativeTarget;
			buildConfigurationList = 3D06A2AA20C4F65A0060FAC2 /* Build configuration list for PBXNativeTarget "Division" */;
			buildPhases = (
				3D06A27E20C4F65A0060FAC2 /* Sources */,
				3D06A27F20C4F65A0060FAC2 /* Frameworks */,
				3D06A28020C4F65A0060FAC2 /* Resources */,
			);
			buildRules = (
			);
			dependencies = (
			);
			name = Division;
			productName = Division;
			productReference = 3D06A28220C4F65A0060FAC2 /* Division.app */;
			productType = "com.apple.product-type.application";
		};
		3D06A29520C4F65A0060FAC2 /* DivisionTests */ = {
			isa = PBXNativeTarget;
			buildConfigurationList = 3D06A2AD20C4F65A0060FAC2 /* Build configuration list for PBXNativeTarget "DivisionTests" */;
			buildPhases = (
				3D06A29220C4F65A0060FAC2 /* Sources */,
				3D06A29320C4F65A0060FAC2 /* Frameworks */,
				3D06A29420C4F65A0060FAC2 /* Resources */,
			);
			buildRules = (
			);
			dependencies = (
				3D06A29820C4F65A0060FAC2 /* PBXTargetDependency */,
			);
			name = DivisionTests;
			productName = DivisionTests;
			productReference = 3D06A29620C4F65A0060FAC2 /* DivisionTests.xctest */;
			productType = "com.apple.product-type.bundle.unit-test";
		};
		3D06A2A020C4F65A0060FAC2 /* DivisionUITests */ = {
			isa = PBXNativeTarget;
			buildConfigurationList = 3D06A2B020C4F65A0060FAC2 /* Build configuration list for PBXNativeTarget "DivisionUITests" */;
			buildPhases = (
				3D06A29D20C4F65A0060FAC2 /* Sources */,
				3D06A29E20C4F65A0060FAC2 /* Frameworks */,
				3D06A29F20C4F65A0060FAC2 /* Resources */,
			);
			buildRules = (
			);
			dependencies = (
				3D06A2A320C4F65A0060FAC2 /* PBXTargetDependency */,
			);
			name = DivisionUITests;
			productName = DivisionUITests;
			productReference = 3D06A2A120C4F65A0060FAC2 /* DivisionUITests.xctest */;
			productType = "com.apple.product-type.bundle.ui-testing";
		};
/* End PBXNativeTarget section */

/* Begin PBXProject section */
		3D06A27A20C4F65A0060FAC2 /* Project object */ = {
			isa = PBXProject;
			attributes = {
				LastSwiftUpdateCheck = 0940;
				LastUpgradeCheck = 0940;
				ORGANIZATIONNAME = "Apps KC";
				TargetAttributes = {
					3D06A28120C4F65A0060FAC2 = {
						CreatedOnToolsVersion = 9.4;
					};
					3D06A29520C4F65A0060FAC2 = {
						CreatedOnToolsVersion = 9.4;
						TestTargetID = 3D06A28120C4F65A0060FAC2;
					};
					3D06A2A020C4F65A0060FAC2 = {
						CreatedOnToolsVersion = 9.4;
						TestTargetID = 3D06A28120C4F65A0060FAC2;
					};
				};
			};
			buildConfigurationList = 3D06A27D20C4F65A0060FAC2 /* Build configuration list for PBXProject "Division" */;
			compatibilityVersion = "Xcode 9.3";
			developmentRegion = en;
			hasScannedForEncodings = 0;
			knownRegions = (
				en,
				Base,
			);
			mainGroup = 3D06A27920C4F65A0060FAC2;
			productRefGroup = 3D06A28320C4F65A0060FAC2 /* Products */;
			projectDirPath = "";
			projectRoot = "";
			targets = (
				3D06A28120C4F65A0060FAC2 /* Division */,
				3D06A29520C4F65A0060FAC2 /* DivisionTests */,
				3D06A2A020C4F65A0060FAC2 /* DivisionUITests */,
			);
		};
/* End PBXProject section */

/* Begin PBXResourcesBuildPhase section */
		3D06A28020C4F65A0060FAC2 /* Resources */ = {
			isa = PBXResourcesBuildPhase;
			buildActionMask = 2147483647;
			files = (
				3D06A29020C4F65A0060FAC2 /* LaunchScreen.storyboard in Resources */,
				3D06A28D20C4F65A0060FAC2 /* Assets.xcassets in Resources */,
				3D06A28B20C4F65A0060FAC2 /* Main.storyboard in Resources */,
			);
			runOnlyForDeploymentPostprocessing = 0;
		};
		3D06A29420C4F65A0060FAC2 /* Resources */ = {
			isa = PBXResourcesBuildPhase;
			buildActionMask = 2147483647;
			files = (
			);
			runOnlyForDeploymentPostprocessing = 0;
		};
		3D06A29F20C4F65A0060FAC2 /* Resources */ = {
			isa = PBXResourcesBuildPhase;
			buildActionMask = 2147483647;
			files = (
			);
			runOnlyForDeploymentPostprocessing = 0;
		};
/* End PBXResourcesBuildPhase section */

/* Begin PBXSourcesBuildPhase section */
		3D06A27E20C4F65A0060FAC2 /* Sources */ = {
			isa = PBXSourcesBuildPhase;
			buildActionMask = 2147483647;
			files = (
				3D06A28820C4F65A0060FAC2 /* ViewController.swift in Sources */,
				3D06A28620C4F65A0060FAC2 /* AppDelegate.swift in Sources */,
			);
			runOnlyForDeploymentPostprocessing = 0;
		};
		3D06A29220C4F65A0060FAC2 /* Sources */ = {
			isa = PBXSourcesBuildPhase;
			buildActionMask = 2147483647;
			files = (
				3D06A29B20C4F65A0060FAC2 /* DivisionTests.swift in Sources */,
			);
			runOnlyForDeploymentPostprocessing = 0;
		};
		3D06A29D20C4F65A0060FAC2 /* Sources */ = {
			isa = PBXSourcesBuildPhase;
			buildActionMask = 2147483647;
			files = (
				3D06A2A620C4F65A0060FAC2 /* DivisionUITests.swift in Sources */,
			);
			runOnlyForDeploymentPostprocessing = 0;
		};
/* End PBXSourcesBuildPhase section */

/* Begin PBXTargetDependency section */
		3D06A29820C4F65A0060FAC2 /* PBXTargetDependency */ = {
			isa = PBXTargetDependency;
			target = 3D06A28120C4F65A0060FAC2 /* Division */;
			targetProxy = 3D06A29720C4F65A0060FAC2 /* PBXContainerItemProxy */;
		};
		3D06A2A320C4F65A0060FAC2 /* PBXTargetDependency */ = {
			isa = PBXTargetDependency;
			target = 3D06A28120C4F65A0060FAC2 /* Division */;
			targetProxy = 3D06A2A220C4F65A0060FAC2 /* PBXContainerItemProxy */;
		};
/* End PBXTargetDependency section */

/* Begin PBXVariantGroup section */
		3D06A28920C4F65A0060FAC2 /* Main.storyboard */ = {
			isa = PBXVariantGroup;
			children = (
				3D06A28A20C4F65A0060FAC2 /* Base */,
			);
			name = Main.storyboard;
			sourceTree = "<group>";
		};
		3D06A28E20C4F65A0060FAC2 /* LaunchScreen.storyboard */ = {
			isa = PBXVariantGroup;
			children = (
				3D06A28F20C4F65A0060FAC2 /* Base */,
			);
			name = LaunchScreen.storyboard;
			sourceTree = "<group>";
		};
/* End PBXVariantGroup section */

/* Begin XCBuildConfiguration section */
		3D06A2A820C4F65A0060FAC2 /* Debug */ = {
			isa = XCBuildConfiguration;
			buildSettings = {
				ALWAYS_SEARCH_USER_PATHS = NO;
				CLANG_ANALYZER_NONNULL = YES;
				CLANG_ANALYZER_NUMBER_OBJECT_CONVERSION = YES_AGGRESSIVE;
				CLANG_CXX_LANGUAGE_STANDARD = "gnu++14";
				CLANG_CXX_LIBRARY = "libc++";
				CLANG_ENABLE_MODULES = YES;
				CLANG_ENABLE_OBJC_ARC = YES;
				CLANG_ENABLE_OBJC_WEAK = YES;
				CLANG_WARN_BLOCK_CAPTURE_AUTORELEASING = YES;
				CLANG_WARN_BOOL_CONVERSION = YES;
				CLANG_WARN_COMMA = YES;
				CLANG_WARN_CONSTANT_CONVERSION = YES;
				CLANG_WARN_DEPRECATED_OBJC_IMPLEMENTATIONS = YES;
				CLANG_WARN_DIRECT_OBJC_ISA_USAGE = YES_ERROR;
				CLANG_WARN_DOCUMENTATION_COMMENTS = YES;
				CLANG_WARN_EMPTY_BODY = YES;
				CLANG_WARN_ENUM_CONVERSION = YES;
				CLANG_WARN_INFINITE_RECURSION = YES;
				CLANG_WARN_INT_CONVERSION = YES;
				CLANG_WARN_NON_LITERAL_NULL_CONVERSION = YES;
				CLANG_WARN_OBJC_IMPLICIT_RETAIN_SELF = YES;
				CLANG_WARN_OBJC_LITERAL_CONVERSION = YES;
				CLANG_WARN_OBJC_ROOT_CLASS = YES_ERROR;
				CLANG_WARN_RANGE_LOOP_ANALYSIS = YES;
				CLANG_WARN_STRICT_PROTOTYPES = YES;
				CLANG_WARN_SUSPICIOUS_MOVE = YES;
				CLANG_WARN_UNGUARDED_AVAILABILITY = YES_AGGRESSIVE;
				CLANG_WARN_UNREACHABLE_CODE = YES;
				CLANG_WARN__DUPLICATE_METHOD_MATCH = YES;
				CODE_SIGN_IDENTITY = "iPhone Developer";
				COPY_PHASE_STRIP = NO;
				DEBUG_INFORMATION_FORMAT = dwarf;
				ENABLE_STRICT_OBJC_MSGSEND = YES;
				ENABLE_TESTABILITY = YES;
				GCC_C_LANGUAGE_STANDARD = gnu11;
				GCC_DYNAMIC_NO_PIC = NO;
				GCC_NO_COMMON_BLOCKS = YES;
				GCC_OPTIMIZATION_LEVEL = 0;
				GCC_PREPROCESSOR_DEFINITIONS = (
					"DEBUG=1",
					"$(inherited)",
				);
				GCC_WARN_64_TO_32_BIT_CONVERSION = YES;
				GCC_WARN_ABOUT_RETURN_TYPE = YES_ERROR;
				GCC_WARN_UNDECLARED_SELECTOR = YES;
				GCC_WARN_UNINITIALIZED_AUTOS = YES_AGGRESSIVE;
				GCC_WARN_UNUSED_FUNCTION = YES;
				GCC_WARN_UNUSED_VARIABLE = YES;
				IPHONEOS_DEPLOYMENT_TARGET = 11.4;
				MTL_ENABLE_DEBUG_INFO = YES;
				ONLY_ACTIVE_ARCH = YES;
				SDKROOT = iphoneos;
				SWIFT_ACTIVE_COMPILATION_CONDITIONS = DEBUG;
				SWIFT_OPTIMIZATION_LEVEL = "-Onone";
			};
			name = Debug;
		};
		3D06A2A920C4F65A0060FAC2 /* Release */ = {
			isa = XCBuildConfiguration;
			buildSettings = {
				ALWAYS_SEARCH_USER_PATHS = NO;
				CLANG_ANALYZER_NONNULL = YES;
				CLANG_ANALYZER_NUMBER_OBJECT_CONVERSION = YES_AGGRESSIVE;
				CLANG_CXX_LANGUAGE_STANDARD = "gnu++14";
				CLANG_CXX_LIBRARY = "libc++";
				CLANG_ENABLE_MODULES = YES;
				CLANG_ENABLE_OBJC_ARC = YES;
				CLANG_ENABLE_OBJC_WEAK = YES;
				CLANG_WARN_BLOCK_CAPTURE_AUTORELEASING = YES;
				CLANG_WARN_BOOL_CONVERSION = YES;
				CLANG_WARN_COMMA = YES;
				CLANG_WARN_CONSTANT_CONVERSION = YES;
				CLANG_WARN_DEPRECATED_OBJC_IMPLEMENTATIONS = YES;
				CLANG_WARN_DIRECT_OBJC_ISA_USAGE = YES_ERROR;
				CLANG_WARN_DOCUMENTATION_COMMENTS = YES;
				CLANG_WARN_EMPTY_BODY = YES;
				CLANG_WARN_ENUM_CONVERSION = YES;
				CLANG_WARN_INFINITE_RECURSION = YES;
				CLANG_WARN_INT_CONVERSION = YES;
				CLANG_WARN_NON_LITERAL_NULL_CONVERSION = YES;
				CLANG_WARN_OBJC_IMPLICIT_RETAIN_SELF = YES;
				CLANG_WARN_OBJC_LITERAL_CONVERSION = YES;
				CLANG_WARN_OBJC_ROOT_CLASS = YES_ERROR;
				CLANG_WARN_RANGE_LOOP_ANALYSIS = YES;
				CLANG_WARN_STRICT_PROTOTYPES = YES;
				CLANG_WARN_SUSPICIOUS_MOVE = YES;
				CLANG_WARN_UNGUARDED_AVAILABILITY = YES_AGGRESSIVE;
				CLANG_WARN_UNREACHABLE_CODE = YES;
				CLANG_WARN__DUPLICATE_METHOD_MATCH = YES;
				CODE_SIGN_IDENTITY = "iPhone Developer";
				COPY_PHASE_STRIP = NO;
				DEBUG_INFORMATION_FORMAT = "dwarf-with-dsym";
				ENABLE_NS_ASSERTIONS = NO;
				ENABLE_STRICT_OBJC_MSGSEND = YES;
				GCC_C_LANGUAGE_STANDARD = gnu11;
				GCC_NO_COMMON_BLOCKS = YES;
				GCC_WARN_64_TO_32_BIT_CONVERSION = YES;
				GCC_WARN_ABOUT_RETURN_TYPE = YES_ERROR;
				GCC_WARN_UNDECLARED_SELECTOR = YES;
				GCC_WARN_UNINITIALIZED_AUTOS = YES_AGGRESSIVE;
				GCC_WARN_UNUSED_FUNCTION = YES;
				GCC_WARN_UNUSED_VARIABLE = YES;
				IPHONEOS_DEPLOYMENT_TARGET = 11.4;
				MTL_ENABLE_DEBUG_INFO = NO;
				SDKROOT = iphoneos;
				SWIFT_COMPILATION_MODE = wholemodule;
				SWIFT_OPTIMIZATION_LEVEL = "-O";
				VALIDATE_PRODUCT = YES;
			};
			name = Release;
		};
		3D06A2AB20C4F65A0060FAC2 /* Debug */ = {
			isa = XCBuildConfiguration;
			buildSettings = {
				ASSETCATALOG_COMPILER_APPICON_NAME = AppIcon;
				CODE_SIGN_STYLE = Automatic;
				DEVELOPMENT_TEAM = 5SQFG95Y4R;
				INFOPLIST_FILE = Division/Info.plist;
				LD_RUNPATH_SEARCH_PATHS = (
					"$(inherited)",
					"@executable_path/Frameworks",
				);
				PRODUCT_BUNDLE_IDENTIFIER = com.appskc.Division;
				PRODUCT_NAME = "$(TARGET_NAME)";
				SWIFT_VERSION = 4.0;
				TARGETED_DEVICE_FAMILY = "1,2";
			};
			name = Debug;
		};
		3D06A2AC20C4F65A0060FAC2 /* Release */ = {
			isa = XCBuildConfiguration;
			buildSettings = {
				ASSETCATALOG_COMPILER_APPICON_NAME = AppIcon;
				CODE_SIGN_STYLE = Automatic;
				DEVELOPMENT_TEAM = 5SQFG95Y4R;
				INFOPLIST_FILE = Division/Info.plist;
				LD_RUNPATH_SEARCH_PATHS = (
					"$(inherited)",
					"@executable_path/Frameworks",
				);
				PRODUCT_BUNDLE_IDENTIFIER = com.appskc.Division;
				PRODUCT_NAME = "$(TARGET_NAME)";
				SWIFT_VERSION = 4.0;
				TARGETED_DEVICE_FAMILY = "1,2";
			};
			name = Release;
		};
		3D06A2AE20C4F65A0060FAC2 /* Debug */ = {
			isa = XCBuildConfiguration;
			buildSettings = {
				ALWAYS_EMBED_SWIFT_STANDARD_LIBRARIES = YES;
				BUNDLE_LOADER = "$(TEST_HOST)";
				CODE_SIGN_STYLE = Automatic;
				DEVELOPMENT_TEAM = 5SQFG95Y4R;
				INFOPLIST_FILE = DivisionTests/Info.plist;
				LD_RUNPATH_SEARCH_PATHS = (
					"$(inherited)",
					"@executable_path/Frameworks",
					"@loader_path/Frameworks",
				);
				PRODUCT_BUNDLE_IDENTIFIER = com.appskc.DivisionTests;
				PRODUCT_NAME = "$(TARGET_NAME)";
				SWIFT_VERSION = 4.0;
				TARGETED_DEVICE_FAMILY = "1,2";
				TEST_HOST = "$(BUILT_PRODUCTS_DIR)/Division.app/Division";
			};
			name = Debug;
		};
		3D06A2AF20C4F65A0060FAC2 /* Release */ = {
			isa = XCBuildConfiguration;
			buildSettings = {
				ALWAYS_EMBED_SWIFT_STANDARD_LIBRARIES = YES;
				BUNDLE_LOADER = "$(TEST_HOST)";
				CODE_SIGN_STYLE = Automatic;
				DEVELOPMENT_TEAM = 5SQFG95Y4R;
				INFOPLIST_FILE = DivisionTests/Info.plist;
				LD_RUNPATH_SEARCH_PATHS = (
					"$(inherited)",
					"@executable_path/Frameworks",
					"@loader_path/Frameworks",
				);
				PRODUCT_BUNDLE_IDENTIFIER = com.appskc.DivisionTests;
				PRODUCT_NAME = "$(TARGET_NAME)";
				SWIFT_VERSION = 4.0;
				TARGETED_DEVICE_FAMILY = "1,2";
				TEST_HOST = "$(BUILT_PRODUCTS_DIR)/Division.app/Division";
			};
			name = Release;
		};
		3D06A2B120C4F65A0060FAC2 /* Debug */ = {
			isa = XCBuildConfiguration;
			buildSettings = {
				ALWAYS_EMBED_SWIFT_STANDARD_LIBRARIES = YES;
				CODE_SIGN_STYLE = Automatic;
				DEVELOPMENT_TEAM = 5SQFG95Y4R;
				INFOPLIST_FILE = DivisionUITests/Info.plist;
				LD_RUNPATH_SEARCH_PATHS = (
					"$(inherited)",
					"@executable_path/Frameworks",
					"@loader_path/Frameworks",
				);
				PRODUCT_BUNDLE_IDENTIFIER = com.appskc.DivisionUITests;
				PRODUCT_NAME = "$(TARGET_NAME)";
				SWIFT_VERSION = 4.0;
				TARGETED_DEVICE_FAMILY = "1,2";
				TEST_TARGET_NAME = Division;
			};
			name = Debug;
		};
		3D06A2B220C4F65A0060FAC2 /* Release */ = {
			isa = XCBuildConfiguration;
			buildSettings = {
				ALWAYS_EMBED_SWIFT_STANDARD_LIBRARIES = YES;
				CODE_SIGN_STYLE = Automatic;
				DEVELOPMENT_TEAM = 5SQFG95Y4R;
				INFOPLIST_FILE = DivisionUITests/Info.plist;
				LD_RUNPATH_SEARCH_PATHS = (
					"$(inherited)",
					"@executable_path/Frameworks",
					"@loader_path/Frameworks",
				);
				PRODUCT_BUNDLE_IDENTIFIER = com.appskc.DivisionUITests;
				PRODUCT_NAME = "$(TARGET_NAME)";
				SWIFT_VERSION = 4.0;
				TARGETED_DEVICE_FAMILY = "1,2";
				TEST_TARGET_NAME = Division;
			};
			name = Release;
		};
/* End XCBuildConfiguration section */

/* Begin XCConfigurationList section */
		3D06A27D20C4F65A0060FAC2 /* Build configuration list for PBXProject "Division" */ = {
			isa = XCConfigurationList;
			buildConfigurations = (
				3D06A2A820C4F65A0060FAC2 /* Debug */,
				3D06A2A920C4F65A0060FAC2 /* Release */,
			);
			defaultConfigurationIsVisible = 0;
			defaultConfigurationName = Release;
		};
		3D06A2AA20C4F65A0060FAC2 /* Build configuration list for PBXNativeTarget "Division" */ = {
			isa = XCConfigurationList;
			buildConfigurations = (
				3D06A2AB20C4F65A0060FAC2 /* Debug */,
				3D06A2AC20C4F65A0060FAC2 /* Release */,
			);
			defaultConfigurationIsVisible = 0;
			defaultConfigurationName = Release;
		};
		3D06A2AD20C4F65A0060FAC2 /* Build configuration list for PBXNativeTarget "DivisionTests" */ = {
			isa = XCConfigurationList;
			buildConfigurations = (
				3D06A2AE20C4F65A0060FAC2 /* Debug */,
				3D06A2AF20C4F65A0060FAC2 /* Release */,
			);
			defaultConfigurationIsVisible = 0;
			defaultConfigurationName = Release;
		};
		3D06A2B020C4F65A0060FAC2 /* Build configuration list for PBXNativeTarget "DivisionUITests" */ = {
			isa = XCConfigurationList;
			buildConfigurations = (
				3D06A2B120C4F65A0060FAC2 /* Debug */,
				3D06A2B220C4F65A0060FAC2 /* Release */,
			);
			defaultConfigurationIsVisible = 0;
			defaultConfigurationName = Release;
		};
/* End XCConfigurationList section */
	};
	rootObject = 3D06A27A20C4F65A0060FAC2 /* Project object */;
}
